# cforge.lock - Dependency lock file for reproducible builds
# Generated by cforge - DO NOT EDIT MANUALLY
# Mode: FetchContent

[dependency.fmt]
source_type = "index"
version = "11.1.4"
url = "https://github.com/fmtlib/fmt.git"
resolved = "11.1.4"

[dependency.tomlplusplus]
source_type = "index"
version = "3.4.0"
url = "https://github.com/marzer/tomlplusplus.git"
resolved = "v3.4.0"

