<?xml version="1.0" encoding="utf-8"?>
<Project ToolsVersion="4.0" xmlns="http://schemas.microsoft.com/developer/msbuild/2003">
  <ItemGroup>
    <Filter Include="include\cforge">
      <UniqueIdentifier>{5DFE93A4-16AA-4652-A5E6-FB0AFB6CDD27}</UniqueIdentifier>
    </Filter>
    <Filter Include="include\core">
      <UniqueIdentifier>{414ED87B-EE44-4EFB-A83B-C22676D5C302}</UniqueIdentifier>
    </Filter>
    <Filter Include="src">
      <UniqueIdentifier>{834C15A4-DBDA-4FED-9A2E-E66AC6C19B6B}</UniqueIdentifier>
    </Filter>
    <Filter Include="src\cforge">
      <UniqueIdentifier>{3B983345-BF2F-441A-921F-F563EA5EBCCD}</UniqueIdentifier>
    </Filter>
    <Filter Include="src\core">
      <UniqueIdentifier>{D70BB9D3-99FB-49BA-85FF-BA9E454F70FF}</UniqueIdentifier>
    </Filter>
  </ItemGroup>
  <ItemGroup>
    <ClCompile Include="src\main.cpp">
      <Filter>src</Filter>
    </ClCompile>
    <ClCompile Include="src\cforge\log.cpp">
      <Filter>src\cforge</Filter>
    </ClCompile>
    <ClCompile Include="src\core\command.cpp">
      <Filter>src\core</Filter>
    </ClCompile>
    <ClCompile Include="src\core\command_add.cpp">
      <Filter>src\core</Filter>
    </ClCompile>
    <ClCompile Include="src\core\command_build.cpp">
      <Filter>src\core</Filter>
    </ClCompile>
    <ClCompile Include="src\core\command_clean.cpp">
      <Filter>src\core</Filter>
    </ClCompile>
    <ClCompile Include="src\core\command_deps.cpp">
      <Filter>src\core</Filter>
    </ClCompile>
    <ClCompile Include="src\core\command_dispatch.cpp">
      <Filter>src\core</Filter>
    </ClCompile>
    <ClCompile Include="src\core\command_help.cpp">
      <Filter>src\core</Filter>
    </ClCompile>
    <ClCompile Include="src\core\command_ide.cpp">
      <Filter>src\core</Filter>
    </ClCompile>
    <ClCompile Include="src\core\command_init.cpp">
      <Filter>src\core</Filter>
    </ClCompile>
    <ClCompile Include="src\core\command_install.cpp">
      <Filter>src\core</Filter>
    </ClCompile>
    <ClCompile Include="src\core\command_list.cpp">
      <Filter>src\core</Filter>
    </ClCompile>
    <ClCompile Include="src\core\command_package.cpp">
      <Filter>src\core</Filter>
    </ClCompile>
    <ClCompile Include="src\core\command_remove.cpp">
      <Filter>src\core</Filter>
    </ClCompile>
    <ClCompile Include="src\core\command_run.cpp">
      <Filter>src\core</Filter>
    </ClCompile>
    <ClCompile Include="src\core\command_test.cpp">
      <Filter>src\core</Filter>
    </ClCompile>
    <ClCompile Include="src\core\command_update.cpp">
      <Filter>src\core</Filter>
    </ClCompile>
    <ClCompile Include="src\core\command_vcpkg.cpp">
      <Filter>src\core</Filter>
    </ClCompile>
    <ClCompile Include="src\core\command_version.cpp">
      <Filter>src\core</Filter>
    </ClCompile>
    <ClCompile Include="src\core\dependency_hash.cpp">
      <Filter>src\core</Filter>
    </ClCompile>
    <ClCompile Include="src\core\error_format.cpp">
      <Filter>src\core</Filter>
    </ClCompile>
    <ClCompile Include="src\core\file_system.c">
      <Filter>src\core</Filter>
    </ClCompile>
    <ClCompile Include="src\core\installer.cpp">
      <Filter>src\core</Filter>
    </ClCompile>
    <ClCompile Include="src\core\process.c">
      <Filter>src\core</Filter>
    </ClCompile>
    <ClCompile Include="src\core\process_utils.cpp">
      <Filter>src\core</Filter>
    </ClCompile>
    <ClCompile Include="src\core\toml_reader.cpp">
      <Filter>src\core</Filter>
    </ClCompile>
    <ClCompile Include="src\core\workspace.cpp">
      <Filter>src\core</Filter>
    </ClCompile>
    <ClCompile Include="src\core\workspace_utils.cpp">
      <Filter>src\core</Filter>
    </ClCompile>
  </ItemGroup>
  <ItemGroup>
    <ClInclude Include="include\cforge\log.hpp">
      <Filter>include\cforge</Filter>
    </ClInclude>
    <ClInclude Include="include\core\command.h">
      <Filter>include\core</Filter>
    </ClInclude>
    <ClInclude Include="include\core\commands.hpp">
      <Filter>include\core</Filter>
    </ClInclude>
    <ClInclude Include="include\core\constants.h">
      <Filter>include\core</Filter>
    </ClInclude>
    <ClInclude Include="include\core\dependency_hash.hpp">
      <Filter>include\core</Filter>
    </ClInclude>
    <ClInclude Include="include\core\error_format.hpp">
      <Filter>include\core</Filter>
    </ClInclude>
    <ClInclude Include="include\core\file_system.h">
      <Filter>include\core</Filter>
    </ClInclude>
    <ClInclude Include="include\core\installer.hpp">
      <Filter>include\core</Filter>
    </ClInclude>
    <ClInclude Include="include\core\process.h">
      <Filter>include\core</Filter>
    </ClInclude>
    <ClInclude Include="include\core\process_utils.hpp">
      <Filter>include\core</Filter>
    </ClInclude>
    <ClInclude Include="include\core\toml_reader.hpp">
      <Filter>include\core</Filter>
    </ClInclude>
    <ClInclude Include="include\core\types.h">
      <Filter>include\core</Filter>
    </ClInclude>
    <ClInclude Include="include\core\workspace.hpp">
      <Filter>include\core</Filter>
    </ClInclude>
    <ClInclude Include="include\core\workspace_utils.hpp">
      <Filter>include\core</Filter>
    </ClInclude>
  </ItemGroup>
</Project>
