
Microsoft Visual Studio Solution File, Format Version 12.00
# Visual Studio Version 17
Project("{8BC9CEB8-8B4A-11D0-8D11-00A0C91BC942}") = "ALL_BUILD", "ALL_BUILD.vcxproj", "{2CB6E924-56B9-3860-A5E3-D35A0A0BF8FA}"
	ProjectSection(ProjectDependencies) = postProject
		{3F056A85-4596-3DE8-AD19-DCF80D1B43A9} = {3F056A85-4596-3DE8-AD19-DCF80D1B43A9}
		{DE23F845-4039-3EA3-B71F-7B743FACECA7} = {DE23F845-4039-3EA3-B71F-7B743FACECA7}
		{1F84A049-FD47-31CC-A700-1DA3005A80BF} = {1F84A049-FD47-31CC-A700-1DA3005A80BF}
	EndProjectSection
EndProject
Project("{8BC9CEB8-8B4A-11D0-8D11-00A0C91BC942}") = "INSTALL", "INSTALL.vcxproj", "{07BFD9E4-311C-3B28-B361-CBA9E28AFEBF}"
	ProjectSection(ProjectDependencies) = postProject
		{2CB6E924-56B9-3860-A5E3-D35A0A0BF8FA} = {2CB6E924-56B9-3860-A5E3-D35A0A0BF8FA}
		{3F056A85-4596-3DE8-AD19-DCF80D1B43A9} = {3F056A85-4596-3DE8-AD19-DCF80D1B43A9}
	EndProjectSection
EndProject
Project("{8BC9CEB8-8B4A-11D0-8D11-00A0C91BC942}") = "PACKAGE", "PACKAGE.vcxproj", "{6B4D2CF3-3D0B-336C-A34E-7447F3CDE14A}"
	ProjectSection(ProjectDependencies) = postProject
		{2CB6E924-56B9-3860-A5E3-D35A0A0BF8FA} = {2CB6E924-56B9-3860-A5E3-D35A0A0BF8FA}
		{3F056A85-4596-3DE8-AD19-DCF80D1B43A9} = {3F056A85-4596-3DE8-AD19-DCF80D1B43A9}
	EndProjectSection
EndProject
Project("{8BC9CEB8-8B4A-11D0-8D11-00A0C91BC942}") = "RUN_TESTS", "RUN_TESTS.vcxproj", "{2D925B8E-8903-3B82-A94F-432BF23C3187}"
	ProjectSection(ProjectDependencies) = postProject
		{3F056A85-4596-3DE8-AD19-DCF80D1B43A9} = {3F056A85-4596-3DE8-AD19-DCF80D1B43A9}
	EndProjectSection
EndProject
Project("{8BC9CEB8-8B4A-11D0-8D11-00A0C91BC942}") = "ZERO_CHECK", "ZERO_CHECK.vcxproj", "{3F056A85-4596-3DE8-AD19-DCF80D1B43A9}"
	ProjectSection(ProjectDependencies) = postProject
	EndProjectSection
EndProject
Project("{8BC9CEB8-8B4A-11D0-8D11-00A0C91BC942}") = "cpp-forge-tests", "tests\cpp-forge-tests.vcxproj", "{DE23F845-4039-3EA3-B71F-7B743FACECA7}"
	ProjectSection(ProjectDependencies) = postProject
		{3F056A85-4596-3DE8-AD19-DCF80D1B43A9} = {3F056A85-4596-3DE8-AD19-DCF80D1B43A9}
	EndProjectSection
EndProject
Project("{8BC9CEB8-8B4A-11D0-8D11-00A0C91BC942}") = "default", "default.vcxproj", "{1F84A049-FD47-31CC-A700-1DA3005A80BF}"
	ProjectSection(ProjectDependencies) = postProject
		{3F056A85-4596-3DE8-AD19-DCF80D1B43A9} = {3F056A85-4596-3DE8-AD19-DCF80D1B43A9}
	EndProjectSection
EndProject
Project("{8BC9CEB8-8B4A-11D0-8D11-00A0C91BC942}") = "run-tests", "tests\run-tests.vcxproj", "{21F211A0-1FBA-3DDE-89E4-F3DA277F2550}"
	ProjectSection(ProjectDependencies) = postProject
		{3F056A85-4596-3DE8-AD19-DCF80D1B43A9} = {3F056A85-4596-3DE8-AD19-DCF80D1B43A9}
		{DE23F845-4039-3EA3-B71F-7B743FACECA7} = {DE23F845-4039-3EA3-B71F-7B743FACECA7}
	EndProjectSection
EndProject
Global
	GlobalSection(SolutionConfigurationPlatforms) = preSolution
		Debug|x64 = Debug|x64
		Release|x64 = Release|x64
		MinSizeRel|x64 = MinSizeRel|x64
		RelWithDebInfo|x64 = RelWithDebInfo|x64
	EndGlobalSection
	GlobalSection(ProjectConfigurationPlatforms) = postSolution
		{2CB6E924-56B9-3860-A5E3-D35A0A0BF8FA}.Debug|x64.ActiveCfg = Debug|x64
		{2CB6E924-56B9-3860-A5E3-D35A0A0BF8FA}.Debug|x64.Build.0 = Debug|x64
		{2CB6E924-56B9-3860-A5E3-D35A0A0BF8FA}.Release|x64.ActiveCfg = Release|x64
		{2CB6E924-56B9-3860-A5E3-D35A0A0BF8FA}.Release|x64.Build.0 = Release|x64
		{2CB6E924-56B9-3860-A5E3-D35A0A0BF8FA}.MinSizeRel|x64.ActiveCfg = MinSizeRel|x64
		{2CB6E924-56B9-3860-A5E3-D35A0A0BF8FA}.MinSizeRel|x64.Build.0 = MinSizeRel|x64
		{2CB6E924-56B9-3860-A5E3-D35A0A0BF8FA}.RelWithDebInfo|x64.ActiveCfg = RelWithDebInfo|x64
		{2CB6E924-56B9-3860-A5E3-D35A0A0BF8FA}.RelWithDebInfo|x64.Build.0 = RelWithDebInfo|x64
		{07BFD9E4-311C-3B28-B361-CBA9E28AFEBF}.Debug|x64.ActiveCfg = Debug|x64
		{07BFD9E4-311C-3B28-B361-CBA9E28AFEBF}.Release|x64.ActiveCfg = Release|x64
		{07BFD9E4-311C-3B28-B361-CBA9E28AFEBF}.MinSizeRel|x64.ActiveCfg = MinSizeRel|x64
		{07BFD9E4-311C-3B28-B361-CBA9E28AFEBF}.RelWithDebInfo|x64.ActiveCfg = RelWithDebInfo|x64
		{6B4D2CF3-3D0B-336C-A34E-7447F3CDE14A}.Debug|x64.ActiveCfg = Debug|x64
		{6B4D2CF3-3D0B-336C-A34E-7447F3CDE14A}.Release|x64.ActiveCfg = Release|x64
		{6B4D2CF3-3D0B-336C-A34E-7447F3CDE14A}.MinSizeRel|x64.ActiveCfg = MinSizeRel|x64
		{6B4D2CF3-3D0B-336C-A34E-7447F3CDE14A}.RelWithDebInfo|x64.ActiveCfg = RelWithDebInfo|x64
		{2D925B8E-8903-3B82-A94F-432BF23C3187}.Debug|x64.ActiveCfg = Debug|x64
		{2D925B8E-8903-3B82-A94F-432BF23C3187}.Release|x64.ActiveCfg = Release|x64
		{2D925B8E-8903-3B82-A94F-432BF23C3187}.MinSizeRel|x64.ActiveCfg = MinSizeRel|x64
		{2D925B8E-8903-3B82-A94F-432BF23C3187}.RelWithDebInfo|x64.ActiveCfg = RelWithDebInfo|x64
		{3F056A85-4596-3DE8-AD19-DCF80D1B43A9}.Debug|x64.ActiveCfg = Debug|x64
		{3F056A85-4596-3DE8-AD19-DCF80D1B43A9}.Debug|x64.Build.0 = Debug|x64
		{3F056A85-4596-3DE8-AD19-DCF80D1B43A9}.Release|x64.ActiveCfg = Release|x64
		{3F056A85-4596-3DE8-AD19-DCF80D1B43A9}.Release|x64.Build.0 = Release|x64
		{3F056A85-4596-3DE8-AD19-DCF80D1B43A9}.MinSizeRel|x64.ActiveCfg = MinSizeRel|x64
		{3F056A85-4596-3DE8-AD19-DCF80D1B43A9}.MinSizeRel|x64.Build.0 = MinSizeRel|x64
		{3F056A85-4596-3DE8-AD19-DCF80D1B43A9}.RelWithDebInfo|x64.ActiveCfg = RelWithDebInfo|x64
		{3F056A85-4596-3DE8-AD19-DCF80D1B43A9}.RelWithDebInfo|x64.Build.0 = RelWithDebInfo|x64
		{DE23F845-4039-3EA3-B71F-7B743FACECA7}.Debug|x64.ActiveCfg = Debug|x64
		{DE23F845-4039-3EA3-B71F-7B743FACECA7}.Debug|x64.Build.0 = Debug|x64
		{DE23F845-4039-3EA3-B71F-7B743FACECA7}.Release|x64.ActiveCfg = Release|x64
		{DE23F845-4039-3EA3-B71F-7B743FACECA7}.Release|x64.Build.0 = Release|x64
		{DE23F845-4039-3EA3-B71F-7B743FACECA7}.MinSizeRel|x64.ActiveCfg = MinSizeRel|x64
		{DE23F845-4039-3EA3-B71F-7B743FACECA7}.MinSizeRel|x64.Build.0 = MinSizeRel|x64
		{DE23F845-4039-3EA3-B71F-7B743FACECA7}.RelWithDebInfo|x64.ActiveCfg = RelWithDebInfo|x64
		{DE23F845-4039-3EA3-B71F-7B743FACECA7}.RelWithDebInfo|x64.Build.0 = RelWithDebInfo|x64
		{1F84A049-FD47-31CC-A700-1DA3005A80BF}.Debug|x64.ActiveCfg = Debug|x64
		{1F84A049-FD47-31CC-A700-1DA3005A80BF}.Debug|x64.Build.0 = Debug|x64
		{1F84A049-FD47-31CC-A700-1DA3005A80BF}.Release|x64.ActiveCfg = Release|x64
		{1F84A049-FD47-31CC-A700-1DA3005A80BF}.Release|x64.Build.0 = Release|x64
		{1F84A049-FD47-31CC-A700-1DA3005A80BF}.MinSizeRel|x64.ActiveCfg = MinSizeRel|x64
		{1F84A049-FD47-31CC-A700-1DA3005A80BF}.MinSizeRel|x64.Build.0 = MinSizeRel|x64
		{1F84A049-FD47-31CC-A700-1DA3005A80BF}.RelWithDebInfo|x64.ActiveCfg = RelWithDebInfo|x64
		{1F84A049-FD47-31CC-A700-1DA3005A80BF}.RelWithDebInfo|x64.Build.0 = RelWithDebInfo|x64
		{21F211A0-1FBA-3DDE-89E4-F3DA277F2550}.Debug|x64.ActiveCfg = Debug|x64
		{21F211A0-1FBA-3DDE-89E4-F3DA277F2550}.Release|x64.ActiveCfg = Release|x64
		{21F211A0-1FBA-3DDE-89E4-F3DA277F2550}.MinSizeRel|x64.ActiveCfg = MinSizeRel|x64
		{21F211A0-1FBA-3DDE-89E4-F3DA277F2550}.RelWithDebInfo|x64.ActiveCfg = RelWithDebInfo|x64
	EndGlobalSection
	GlobalSection(ExtensibilityGlobals) = postSolution
		SolutionGuid = {A584ED8D-8B53-3E5B-BC07-B50E28FCD126}
	EndGlobalSection
	GlobalSection(ExtensibilityAddIns) = postSolution
	EndGlobalSection
EndGlobal
